
Microsoft Visual Studio Solution File, Format Version 12.00
Project("{FAE04EC0-301F-11D3-BF4B-00C04F79EFBC}") = "DrawLinesSend", "DrawLinesSend\DrawLinesSend.csproj", "{9612F1B5-C555-4BB0-BF47-25D10FA07195}"
EndProject
Global
	GlobalSection(SolutionConfigurationPlatforms) = preSolution
		Debug|Any CPU = Debug|Any CPU
		Release|Any CPU = Release|Any CPU
	EndGlobalSection
	GlobalSection(ProjectConfigurationPlatforms) = postSolution
		{9612F1B5-C555-4BB0-BF47-25D10FA07195}.Debug|Any CPU.ActiveCfg = Debug|Any CPU
		{9612F1B5-C555-4BB0-BF47-25D10FA07195}.Debug|Any CPU.Build.0 = Debug|Any CPU
		{9612F1B5-C555-4BB0-BF47-25D10FA07195}.Release|Any CPU.ActiveCfg = Release|Any CPU
		{9612F1B5-C555-4BB0-BF47-25D10FA07195}.Release|Any CPU.Build.0 = Release|Any CPU
	EndGlobalSection
EndGlobal
