
Microsoft Visual Studio Solution File, Format Version 12.00
Project("{FAE04EC0-301F-11D3-BF4B-00C04F79EFBC}") = "reciveTcp", "reciveTcp\reciveTcp.csproj", "{31E867ED-F074-48B7-82E4-6C986C7DDFF6}"
EndProject
Global
	GlobalSection(SolutionConfigurationPlatforms) = preSolution
		Debug|Any CPU = Debug|Any CPU
		Release|Any CPU = Release|Any CPU
	EndGlobalSection
	GlobalSection(ProjectConfigurationPlatforms) = postSolution
		{31E867ED-F074-48B7-82E4-6C986C7DDFF6}.Debug|Any CPU.ActiveCfg = Debug|Any CPU
		{31E867ED-F074-48B7-82E4-6C986C7DDFF6}.Debug|Any CPU.Build.0 = Debug|Any CPU
		{31E867ED-F074-48B7-82E4-6C986C7DDFF6}.Release|Any CPU.ActiveCfg = Release|Any CPU
		{31E867ED-F074-48B7-82E4-6C986C7DDFF6}.Release|Any CPU.Build.0 = Release|Any CPU
	EndGlobalSection
EndGlobal
